
Microsoft Visual Studio Solution File, Format Version 12.00
# Visual Studio 15
VisualStudioVersion = 15.0.28010.2003
MinimumVisualStudioVersion = 10.0.40219.1
Project("{FAE04EC0-301F-11D3-BF4B-00C04F79EFBC}") = "implementacion_funcionVA", "implementacion_funcionVA\implementacion_funcionVA.csproj", "{5D93D0DD-A5F3-4A8D-8F99-B774E54E8082}"
EndProject
Global
	GlobalSection(SolutionConfigurationPlatforms) = preSolution
		Debug|Any CPU = Debug|Any CPU
		Release|Any CPU = Release|Any CPU
	EndGlobalSection
	GlobalSection(ProjectConfigurationPlatforms) = postSolution
		{5D93D0DD-A5F3-4A8D-8F99-B774E54E8082}.Debug|Any CPU.ActiveCfg = Debug|Any CPU
		{5D93D0DD-A5F3-4A8D-8F99-B774E54E8082}.Debug|Any CPU.Build.0 = Debug|Any CPU
		{5D93D0DD-A5F3-4A8D-8F99-B774E54E8082}.Release|Any CPU.ActiveCfg = Release|Any CPU
		{5D93D0DD-A5F3-4A8D-8F99-B774E54E8082}.Release|Any CPU.Build.0 = Release|Any CPU
	EndGlobalSection
	GlobalSection(SolutionProperties) = preSolution
		HideSolutionNode = FALSE
	EndGlobalSection
	GlobalSection(ExtensibilityGlobals) = postSolution
		SolutionGuid = {B3030E01-D2D5-43C4-AB5F-29B6F9C4A7D7}
	EndGlobalSection
EndGlobal
